// !$*UTF8*$!
{
	archiveVersion = 1;
	classes = {
	};
	objectVersion = 50;
	objects = {

/* Begin PBXBuildFile section */
		AC1AE6892471C00100811388 /* AppDelegate.swift in Sources */ = {isa = PBXBuildFile; fileRef = AC1AE6882471C00100811388 /* AppDelegate.swift */; };
		AC1AE6922471C00700811388 /* Assets.xcassets in Resources */ = {isa = PBXBuildFile; fileRef = AC1AE6912471C00700811388 /* Assets.xcassets */; };
		AC1AE6952471C00700811388 /* LaunchScreen.storyboard in Resources */ = {isa = PBXBuildFile; fileRef = AC1AE6932471C00700811388 /* LaunchScreen.storyboard */; };
		AC1AE6B82471C78100811388 /* Localizable.strings in Resources */ = {isa = PBXBuildFile; fileRef = AC1AE6B32471C78100811388 /* Localizable.strings */; };
		AC1AE6B92471C78100811388 /* Localizable.strings in Resources */ = {isa = PBXBuildFile; fileRef = AC1AE6B62471C78100811388 /* Localizable.strings */; };
		AC1AE6BD2471C7A500811388 /* Localization.swift in Sources */ = {isa = PBXBuildFile; fileRef = AC1AE6BC2471C7A500811388 /* Localization.swift */; };
		AC1AE6C32471C86500811388 /* String+Localization.swift in Sources */ = {isa = PBXBuildFile; fileRef = AC1AE6C22471C86500811388 /* String+Localization.swift */; };
		AC1AE6C82471C9EC00811388 /* AppCoordinator.swift in Sources */ = {isa = PBXBuildFile; fileRef = AC1AE6C72471C9EC00811388 /* AppCoordinator.swift */; };
		AC1AE6CC2471CA3300811388 /* Coordinator.swift in Sources */ = {isa = PBXBuildFile; fileRef = AC1AE6CB2471CA3300811388 /* Coordinator.swift */; };
		AC1AE6D62471D2B500811388 /* ListCoordinator.swift in Sources */ = {isa = PBXBuildFile; fileRef = AC1AE6D52471D2B500811388 /* ListCoordinator.swift */; };
		AC1AE6D82471D2C100811388 /* ServiceCoordinator.swift in Sources */ = {isa = PBXBuildFile; fileRef = AC1AE6D72471D2C100811388 /* ServiceCoordinator.swift */; };
		AC1AE6E02471F81D00811388 /* Record.swift in Sources */ = {isa = PBXBuildFile; fileRef = AC1AE6DF2471F81D00811388 /* Record.swift */; };
		AC1AE6E42471F84000811388 /* DatabaseInterface.swift in Sources */ = {isa = PBXBuildFile; fileRef = AC1AE6E32471F84000811388 /* DatabaseInterface.swift */; };
		AC1AE6E72471F86600811388 /* CoreDataDao.swift in Sources */ = {isa = PBXBuildFile; fileRef = AC1AE6E62471F86600811388 /* CoreDataDao.swift */; };
		AC1AE6EB2471FAA100811388 /* TestApp.xcdatamodeld in Sources */ = {isa = PBXBuildFile; fileRef = AC1AE6E92471FAA100811388 /* TestApp.xcdatamodeld */; };
		AC1AE6ED247207C800811388 /* ListView.swift in Sources */ = {isa = PBXBuildFile; fileRef = AC1AE6EC247207C800811388 /* ListView.swift */; };
		AC1AE6EF247207D100811388 /* ListViewModel.swift in Sources */ = {isa = PBXBuildFile; fileRef = AC1AE6EE247207D100811388 /* ListViewModel.swift */; };
		AC1AE6F1247207E500811388 /* List.storyboard in Resources */ = {isa = PBXBuildFile; fileRef = AC1AE6F0247207E500811388 /* List.storyboard */; };
		AC1AE6F424720F4900811388 /* Dynamic.swift in Sources */ = {isa = PBXBuildFile; fileRef = AC1AE6F324720F4900811388 /* Dynamic.swift */; };
		AC1AE6F62472102000811388 /* ListViewModelObject.swift in Sources */ = {isa = PBXBuildFile; fileRef = AC1AE6F52472102000811388 /* ListViewModelObject.swift */; };
		AC1AE70424721BC600811388 /* ListCellViewModel.swift in Sources */ = {isa = PBXBuildFile; fileRef = AC1AE70324721BC600811388 /* ListCellViewModel.swift */; };
		AC1AE70824721DC300811388 /* ListTableViewCell.swift in Sources */ = {isa = PBXBuildFile; fileRef = AC1AE70724721DC200811388 /* ListTableViewCell.swift */; };
		AC1AE70A24721F4300811388 /* ListCellViewModelObject.swift in Sources */ = {isa = PBXBuildFile; fileRef = AC1AE70924721F4300811388 /* ListCellViewModelObject.swift */; };
/* End PBXBuildFile section */

/* Begin PBXFileReference section */
		AC1AE6852471C00100811388 /* TestApp.app */ = {isa = PBXFileReference; explicitFileType = wrapper.application; includeInIndex = 0; path = TestApp.app; sourceTree = BUILT_PRODUCTS_DIR; };
		AC1AE6882471C00100811388 /* AppDelegate.swift */ = {isa = PBXFileReference; lastKnownFileType = sourcecode.swift; path = AppDelegate.swift; sourceTree = "<group>"; };
		AC1AE6912471C00700811388 /* Assets.xcassets */ = {isa = PBXFileReference; lastKnownFileType = folder.assetcatalog; path = Assets.xcassets; sourceTree = "<group>"; };
		AC1AE6942471C00700811388 /* Base */ = {isa = PBXFileReference; lastKnownFileType = file.storyboard; name = Base; path = Base.lproj/LaunchScreen.storyboard; sourceTree = "<group>"; };
		AC1AE6962471C00700811388 /* Info.plist */ = {isa = PBXFileReference; lastKnownFileType = text.plist.xml; path = Info.plist; sourceTree = "<group>"; };
		AC1AE6B42471C78100811388 /* ru */ = {isa = PBXFileReference; lastKnownFileType = text.plist.strings; name = ru; path = Localizable.strings; sourceTree = "<group>"; };
		AC1AE6B72471C78100811388 /* en */ = {isa = PBXFileReference; lastKnownFileType = text.plist.strings; name = en; path = Localizable.strings; sourceTree = "<group>"; };
		AC1AE6BC2471C7A500811388 /* Localization.swift */ = {isa = PBXFileReference; lastKnownFileType = sourcecode.swift; path = Localization.swift; sourceTree = "<group>"; };
		AC1AE6C22471C86500811388 /* String+Localization.swift */ = {isa = PBXFileReference; fileEncoding = 4; lastKnownFileType = sourcecode.swift; path = "String+Localization.swift"; sourceTree = "<group>"; };
		AC1AE6C72471C9EC00811388 /* AppCoordinator.swift */ = {isa = PBXFileReference; lastKnownFileType = sourcecode.swift; path = AppCoordinator.swift; sourceTree = "<group>"; };
		AC1AE6CB2471CA3300811388 /* Coordinator.swift */ = {isa = PBXFileReference; lastKnownFileType = sourcecode.swift; path = Coordinator.swift; sourceTree = "<group>"; };
		AC1AE6D52471D2B500811388 /* ListCoordinator.swift */ = {isa = PBXFileReference; lastKnownFileType = sourcecode.swift; path = ListCoordinator.swift; sourceTree = "<group>"; };
		AC1AE6D72471D2C100811388 /* ServiceCoordinator.swift */ = {isa = PBXFileReference; lastKnownFileType = sourcecode.swift; path = ServiceCoordinator.swift; sourceTree = "<group>"; };
		AC1AE6DF2471F81D00811388 /* Record.swift */ = {isa = PBXFileReference; lastKnownFileType = sourcecode.swift; path = Record.swift; sourceTree = "<group>"; };
		AC1AE6E32471F84000811388 /* DatabaseInterface.swift */ = {isa = PBXFileReference; fileEncoding = 4; lastKnownFileType = sourcecode.swift; path = DatabaseInterface.swift; sourceTree = "<group>"; };
		AC1AE6E62471F86600811388 /* CoreDataDao.swift */ = {isa = PBXFileReference; lastKnownFileType = sourcecode.swift; path = CoreDataDao.swift; sourceTree = "<group>"; };
		AC1AE6EA2471FAA100811388 /* Model.xcdatamodel */ = {isa = PBXFileReference; lastKnownFileType = wrapper.xcdatamodel; path = Model.xcdatamodel; sourceTree = "<group>"; };
		AC1AE6EC247207C800811388 /* ListView.swift */ = {isa = PBXFileReference; lastKnownFileType = sourcecode.swift; path = ListView.swift; sourceTree = "<group>"; };
		AC1AE6EE247207D100811388 /* ListViewModel.swift */ = {isa = PBXFileReference; lastKnownFileType = sourcecode.swift; path = ListViewModel.swift; sourceTree = "<group>"; };
		AC1AE6F0247207E500811388 /* List.storyboard */ = {isa = PBXFileReference; lastKnownFileType = file.storyboard; path = List.storyboard; sourceTree = "<group>"; };
		AC1AE6F324720F4900811388 /* Dynamic.swift */ = {isa = PBXFileReference; lastKnownFileType = sourcecode.swift; path = Dynamic.swift; sourceTree = "<group>"; };
		AC1AE6F52472102000811388 /* ListViewModelObject.swift */ = {isa = PBXFileReference; lastKnownFileType = sourcecode.swift; path = ListViewModelObject.swift; sourceTree = "<group>"; };
		AC1AE70324721BC600811388 /* ListCellViewModel.swift */ = {isa = PBXFileReference; lastKnownFileType = sourcecode.swift; path = ListCellViewModel.swift; sourceTree = "<group>"; };
		AC1AE70724721DC200811388 /* ListTableViewCell.swift */ = {isa = PBXFileReference; lastKnownFileType = sourcecode.swift; path = ListTableViewCell.swift; sourceTree = "<group>"; };
		AC1AE70924721F4300811388 /* ListCellViewModelObject.swift */ = {isa = PBXFileReference; lastKnownFileType = sourcecode.swift; path = ListCellViewModelObject.swift; sourceTree = "<group>"; };
/* End PBXFileReference section */

/* Begin PBXFrameworksBuildPhase section */
		AC1AE6822471C00100811388 /* Frameworks */ = {
			isa = PBXFrameworksBuildPhase;
			buildActionMask = 2147483647;
			files = (
			);
			runOnlyForDeploymentPostprocessing = 0;
		};
/* End PBXFrameworksBuildPhase section */

/* Begin PBXGroup section */
		AC1AE67C2471C00100811388 = {
			isa = PBXGroup;
			children = (
				AC1AE6872471C00100811388 /* TestApp */,
				AC1AE6862471C00100811388 /* Products */,
			);
			sourceTree = "<group>";
		};
		AC1AE6862471C00100811388 /* Products */ = {
			isa = PBXGroup;
			children = (
				AC1AE6852471C00100811388 /* TestApp.app */,
			);
			name = Products;
			sourceTree = "<group>";
		};
		AC1AE6872471C00100811388 /* TestApp */ = {
			isa = PBXGroup;
			children = (
				AC1AE6F224720F3A00811388 /* Core */,
				AC1AE6DE2471F80F00811388 /* Models */,
				AC1AE6C42471C9D100811388 /* Modules */,
				AC1AE6BE2471C84E00811388 /* Extensions */,
				AC1AE6BA2471C79D00811388 /* Staff */,
				AC1AE6AE2471C74A00811388 /* Resources */,
				AC1AE6DA2471F59E00811388 /* Services */,
				AC1AE6882471C00100811388 /* AppDelegate.swift */,
				AC1AE6912471C00700811388 /* Assets.xcassets */,
				AC1AE6932471C00700811388 /* LaunchScreen.storyboard */,
				AC1AE6962471C00700811388 /* Info.plist */,
			);
			path = TestApp;
			sourceTree = "<group>";
		};
		AC1AE6AE2471C74A00811388 /* Resources */ = {
			isa = PBXGroup;
			children = (
				AC1AE6E82471FA9800811388 /* CoreData */,
				AC1AE6AF2471C74A00811388 /* Localization */,
			);
			path = Resources;
			sourceTree = "<group>";
		};
		AC1AE6AF2471C74A00811388 /* Localization */ = {
			isa = PBXGroup;
			children = (
				AC1AE6B52471C78100811388 /* en.lproj */,
				AC1AE6B22471C78100811388 /* ru.lproj */,
			);
			path = Localization;
			sourceTree = "<group>";
		};
		AC1AE6B22471C78100811388 /* ru.lproj */ = {
			isa = PBXGroup;
			children = (
				AC1AE6B32471C78100811388 /* Localizable.strings */,
			);
			path = ru.lproj;
			sourceTree = "<group>";
		};
		AC1AE6B52471C78100811388 /* en.lproj */ = {
			isa = PBXGroup;
			children = (
				AC1AE6B62471C78100811388 /* Localizable.strings */,
			);
			path = en.lproj;
			sourceTree = "<group>";
		};
		AC1AE6BA2471C79D00811388 /* Staff */ = {
			isa = PBXGroup;
			children = (
				AC1AE6BB2471C79D00811388 /* Localization */,
			);
			path = Staff;
			sourceTree = "<group>";
		};
		AC1AE6BB2471C79D00811388 /* Localization */ = {
			isa = PBXGroup;
			children = (
				AC1AE6BC2471C7A500811388 /* Localization.swift */,
			);
			path = Localization;
			sourceTree = "<group>";
		};
		AC1AE6BE2471C84E00811388 /* Extensions */ = {
			isa = PBXGroup;
			children = (
				AC1AE6C12471C86500811388 /* Foundation */,
			);
			path = Extensions;
			sourceTree = "<group>";
		};
		AC1AE6C12471C86500811388 /* Foundation */ = {
			isa = PBXGroup;
			children = (
				AC1AE6C22471C86500811388 /* String+Localization.swift */,
			);
			path = Foundation;
			sourceTree = "<group>";
		};
		AC1AE6C42471C9D100811388 /* Modules */ = {
			isa = PBXGroup;
			children = (
				AC1AE6C92471CA1900811388 /* Common */,
				AC1AE6C52471C9D100811388 /* App */,
				AC1AE6CD2471D2A400811388 /* List */,
				AC1AE6D12471D2A400811388 /* Service */,
			);
			path = Modules;
			sourceTree = "<group>";
		};
		AC1AE6C52471C9D100811388 /* App */ = {
			isa = PBXGroup;
			children = (
				AC1AE6C62471C9E400811388 /* Coordinator */,
			);
			path = App;
			sourceTree = "<group>";
		};
		AC1AE6C62471C9E400811388 /* Coordinator */ = {
			isa = PBXGroup;
			children = (
				AC1AE6C72471C9EC00811388 /* AppCoordinator.swift */,
			);
			path = Coordinator;
			sourceTree = "<group>";
		};
		AC1AE6C92471CA1900811388 /* Common */ = {
			isa = PBXGroup;
			children = (
				AC1AE6CA2471CA2B00811388 /* Coordinator */,
			);
			path = Common;
			sourceTree = "<group>";
		};
		AC1AE6CA2471CA2B00811388 /* Coordinator */ = {
			isa = PBXGroup;
			children = (
				AC1AE6CB2471CA3300811388 /* Coordinator.swift */,
			);
			path = Coordinator;
			sourceTree = "<group>";
		};
		AC1AE6CD2471D2A400811388 /* List */ = {
			isa = PBXGroup;
			children = (
				AC1AE6CF2471D2A400811388 /* Coordinator */,
				AC1AE6CE2471D2A400811388 /* ViewModel */,
				AC1AE6D02471D2A400811388 /* View */,
				AC1AE6F0247207E500811388 /* List.storyboard */,
			);
			path = List;
			sourceTree = "<group>";
		};
		AC1AE6CE2471D2A400811388 /* ViewModel */ = {
			isa = PBXGroup;
			children = (
				AC1AE6EE247207D100811388 /* ListViewModel.swift */,
				AC1AE6F52472102000811388 /* ListViewModelObject.swift */,
			);
			path = ViewModel;
			sourceTree = "<group>";
		};
		AC1AE6CF2471D2A400811388 /* Coordinator */ = {
			isa = PBXGroup;
			children = (
				AC1AE6D52471D2B500811388 /* ListCoordinator.swift */,
			);
			path = Coordinator;
			sourceTree = "<group>";
		};
		AC1AE6D02471D2A400811388 /* View */ = {
			isa = PBXGroup;
			children = (
				AC1AE70524721DB000811388 /* Subviews */,
				AC1AE70224721BBB00811388 /* ViewModels */,
				AC1AE6EC247207C800811388 /* ListView.swift */,
			);
			path = View;
			sourceTree = "<group>";
		};
		AC1AE6D12471D2A400811388 /* Service */ = {
			isa = PBXGroup;
			children = (
				AC1AE6D32471D2A400811388 /* Coordinator */,
				AC1AE6D22471D2A400811388 /* ViewModel */,
				AC1AE6D42471D2A400811388 /* View */,
			);
			path = Service;
			sourceTree = "<group>";
		};
		AC1AE6D22471D2A400811388 /* ViewModel */ = {
			isa = PBXGroup;
			children = (
			);
			path = ViewModel;
			sourceTree = "<group>";
		};
		AC1AE6D32471D2A400811388 /* Coordinator */ = {
			isa = PBXGroup;
			children = (
				AC1AE6D72471D2C100811388 /* ServiceCoordinator.swift */,
			);
			path = Coordinator;
			sourceTree = "<group>";
		};
		AC1AE6D42471D2A400811388 /* View */ = {
			isa = PBXGroup;
			children = (
			);
			path = View;
			sourceTree = "<group>";
		};
		AC1AE6DA2471F59E00811388 /* Services */ = {
			isa = PBXGroup;
			children = (
				AC1AE6E12471F84000811388 /* Database */,
			);
			path = Services;
			sourceTree = "<group>";
		};
		AC1AE6DE2471F80F00811388 /* Models */ = {
			isa = PBXGroup;
			children = (
				AC1AE6DF2471F81D00811388 /* Record.swift */,
			);
			path = Models;
			sourceTree = "<group>";
		};
		AC1AE6E12471F84000811388 /* Database */ = {
			isa = PBXGroup;
			children = (
				AC1AE6E22471F84000811388 /* DatabaseInterface */,
				AC1AE6E52471F85B00811388 /* CoreDataDao */,
			);
			path = Database;
			sourceTree = "<group>";
		};
		AC1AE6E22471F84000811388 /* DatabaseInterface */ = {
			isa = PBXGroup;
			children = (
				AC1AE6E32471F84000811388 /* DatabaseInterface.swift */,
			);
			path = DatabaseInterface;
			sourceTree = "<group>";
		};
		AC1AE6E52471F85B00811388 /* CoreDataDao */ = {
			isa = PBXGroup;
			children = (
				AC1AE6E62471F86600811388 /* CoreDataDao.swift */,
			);
			path = CoreDataDao;
			sourceTree = "<group>";
		};
		AC1AE6E82471FA9800811388 /* CoreData */ = {
			isa = PBXGroup;
			children = (
				AC1AE6E92471FAA100811388 /* TestApp.xcdatamodeld */,
			);
			path = CoreData;
			sourceTree = "<group>";
		};
		AC1AE6F224720F3A00811388 /* Core */ = {
			isa = PBXGroup;
			children = (
				AC1AE6F324720F4900811388 /* Dynamic.swift */,
			);
			path = Core;
			sourceTree = "<group>";
		};
		AC1AE70224721BBB00811388 /* ViewModels */ = {
			isa = PBXGroup;
			children = (
				AC1AE70324721BC600811388 /* ListCellViewModel.swift */,
				AC1AE70924721F4300811388 /* ListCellViewModelObject.swift */,
			);
			path = ViewModels;
			sourceTree = "<group>";
		};
		AC1AE70524721DB000811388 /* Subviews */ = {
			isa = PBXGroup;
			children = (
				AC1AE70624721DB000811388 /* Cells */,
			);
			path = Subviews;
			sourceTree = "<group>";
		};
		AC1AE70624721DB000811388 /* Cells */ = {
			isa = PBXGroup;
			children = (
				AC1AE70724721DC200811388 /* ListTableViewCell.swift */,
			);
			path = Cells;
			sourceTree = "<group>";
		};
/* End PBXGroup section */

/* Begin PBXNativeTarget section */
		AC1AE6842471C00100811388 /* TestApp */ = {
			isa = PBXNativeTarget;
			buildConfigurationList = AC1AE6992471C00700811388 /* Build configuration list for PBXNativeTarget "TestApp" */;
			buildPhases = (
				AC1AE6812471C00100811388 /* Sources */,
				AC1AE6822471C00100811388 /* Frameworks */,
				AC1AE6832471C00100811388 /* Resources */,
			);
			buildRules = (
			);
			dependencies = (
			);
			name = TestApp;
			productName = TestApp;
			productReference = AC1AE6852471C00100811388 /* TestApp.app */;
			productType = "com.apple.product-type.application";
		};
/* End PBXNativeTarget section */

/* Begin PBXProject section */
		AC1AE67D2471C00100811388 /* Project object */ = {
			isa = PBXProject;
			attributes = {
				LastSwiftUpdateCheck = 1140;
				LastUpgradeCheck = 1140;
				ORGANIZATIONNAME = "Ruslan Maley";
				TargetAttributes = {
					AC1AE6842471C00100811388 = {
						CreatedOnToolsVersion = 11.4.1;
					};
				};
			};
			buildConfigurationList = AC1AE6802471C00100811388 /* Build configuration list for PBXProject "TestApp" */;
			compatibilityVersion = "Xcode 9.3";
			developmentRegion = en;
			hasScannedForEncodings = 0;
			knownRegions = (
				en,
				Base,
				ru,
			);
			mainGroup = AC1AE67C2471C00100811388;
			productRefGroup = AC1AE6862471C00100811388 /* Products */;
			projectDirPath = "";
			projectRoot = "";
			targets = (
				AC1AE6842471C00100811388 /* TestApp */,
			);
		};
/* End PBXProject section */

/* Begin PBXResourcesBuildPhase section */
		AC1AE6832471C00100811388 /* Resources */ = {
			isa = PBXResourcesBuildPhase;
			buildActionMask = 2147483647;
			files = (
				AC1AE6B92471C78100811388 /* Localizable.strings in Resources */,
				AC1AE6952471C00700811388 /* LaunchScreen.storyboard in Resources */,
				AC1AE6F1247207E500811388 /* List.storyboard in Resources */,
				AC1AE6B82471C78100811388 /* Localizable.strings in Resources */,
				AC1AE6922471C00700811388 /* Assets.xcassets in Resources */,
			);
			runOnlyForDeploymentPostprocessing = 0;
		};
/* End PBXResourcesBuildPhase section */

/* Begin PBXSourcesBuildPhase section */
		AC1AE6812471C00100811388 /* Sources */ = {
			isa = PBXSourcesBuildPhase;
			buildActionMask = 2147483647;
			files = (
				AC1AE6F62472102000811388 /* ListViewModelObject.swift in Sources */,
				AC1AE6D62471D2B500811388 /* ListCoordinator.swift in Sources */,
				AC1AE6E72471F86600811388 /* CoreDataDao.swift in Sources */,
				AC1AE6E02471F81D00811388 /* Record.swift in Sources */,
				AC1AE6F424720F4900811388 /* Dynamic.swift in Sources */,
				AC1AE70824721DC300811388 /* ListTableViewCell.swift in Sources */,
				AC1AE6C82471C9EC00811388 /* AppCoordinator.swift in Sources */,
				AC1AE6E42471F84000811388 /* DatabaseInterface.swift in Sources */,
				AC1AE6892471C00100811388 /* AppDelegate.swift in Sources */,
				AC1AE6BD2471C7A500811388 /* Localization.swift in Sources */,
				AC1AE6C32471C86500811388 /* String+Localization.swift in Sources */,
				AC1AE70A24721F4300811388 /* ListCellViewModelObject.swift in Sources */,
				AC1AE70424721BC600811388 /* ListCellViewModel.swift in Sources */,
				AC1AE6ED247207C800811388 /* ListView.swift in Sources */,
				AC1AE6EF247207D100811388 /* ListViewModel.swift in Sources */,
				AC1AE6CC2471CA3300811388 /* Coordinator.swift in Sources */,
				AC1AE6EB2471FAA100811388 /* TestApp.xcdatamodeld in Sources */,
				AC1AE6D82471D2C100811388 /* ServiceCoordinator.swift in Sources */,
			);
			runOnlyForDeploymentPostprocessing = 0;
		};
/* End PBXSourcesBuildPhase section */

/* Begin PBXVariantGroup section */
		AC1AE6932471C00700811388 /* LaunchScreen.storyboard */ = {
			isa = PBXVariantGroup;
			children = (
				AC1AE6942471C00700811388 /* Base */,
			);
			name = LaunchScreen.storyboard;
			sourceTree = "<group>";
		};
		AC1AE6B32471C78100811388 /* Localizable.strings */ = {
			isa = PBXVariantGroup;
			children = (
				AC1AE6B42471C78100811388 /* ru */,
			);
			name = Localizable.strings;
			sourceTree = "<group>";
		};
		AC1AE6B62471C78100811388 /* Localizable.strings */ = {
			isa = PBXVariantGroup;
			children = (
				AC1AE6B72471C78100811388 /* en */,
			);
			name = Localizable.strings;
			sourceTree = "<group>";
		};
/* End PBXVariantGroup section */

/* Begin XCBuildConfiguration section */
		AC1AE6972471C00700811388 /* Debug */ = {
			isa = XCBuildConfiguration;
			buildSettings = {
				ALWAYS_SEARCH_USER_PATHS = NO;
				CLANG_ANALYZER_NONNULL = YES;
				CLANG_ANALYZER_NUMBER_OBJECT_CONVERSION = YES_AGGRESSIVE;
				CLANG_CXX_LANGUAGE_STANDARD = "gnu++14";
				CLANG_CXX_LIBRARY = "libc++";
				CLANG_ENABLE_MODULES = YES;
				CLANG_ENABLE_OBJC_ARC = YES;
				CLANG_ENABLE_OBJC_WEAK = YES;
				CLANG_WARN_BLOCK_CAPTURE_AUTORELEASING = YES;
				CLANG_WARN_BOOL_CONVERSION = YES;
				CLANG_WARN_COMMA = YES;
				CLANG_WARN_CONSTANT_CONVERSION = YES;
				CLANG_WARN_DEPRECATED_OBJC_IMPLEMENTATIONS = YES;
				CLANG_WARN_DIRECT_OBJC_ISA_USAGE = YES_ERROR;
				CLANG_WARN_DOCUMENTATION_COMMENTS = YES;
				CLANG_WARN_EMPTY_BODY = YES;
				CLANG_WARN_ENUM_CONVERSION = YES;
				CLANG_WARN_INFINITE_RECURSION = YES;
				CLANG_WARN_INT_CONVERSION = YES;
				CLANG_WARN_NON_LITERAL_NULL_CONVERSION = YES;
				CLANG_WARN_OBJC_IMPLICIT_RETAIN_SELF = YES;
				CLANG_WARN_OBJC_LITERAL_CONVERSION = YES;
				CLANG_WARN_OBJC_ROOT_CLASS = YES_ERROR;
				CLANG_WARN_RANGE_LOOP_ANALYSIS = YES;
				CLANG_WARN_STRICT_PROTOTYPES = YES;
				CLANG_WARN_SUSPICIOUS_MOVE = YES;
				CLANG_WARN_UNGUARDED_AVAILABILITY = YES_AGGRESSIVE;
				CLANG_WARN_UNREACHABLE_CODE = YES;
				CLANG_WARN__DUPLICATE_METHOD_MATCH = YES;
				COPY_PHASE_STRIP = NO;
				DEBUG_INFORMATION_FORMAT = dwarf;
				ENABLE_STRICT_OBJC_MSGSEND = YES;
				ENABLE_TESTABILITY = YES;
				GCC_C_LANGUAGE_STANDARD = gnu11;
				GCC_DYNAMIC_NO_PIC = NO;
				GCC_NO_COMMON_BLOCKS = YES;
				GCC_OPTIMIZATION_LEVEL = 0;
				GCC_PREPROCESSOR_DEFINITIONS = (
					"DEBUG=1",
					"$(inherited)",
				);
				GCC_WARN_64_TO_32_BIT_CONVERSION = YES;
				GCC_WARN_ABOUT_RETURN_TYPE = YES_ERROR;
				GCC_WARN_UNDECLARED_SELECTOR = YES;
				GCC_WARN_UNINITIALIZED_AUTOS = YES_AGGRESSIVE;
				GCC_WARN_UNUSED_FUNCTION = YES;
				GCC_WARN_UNUSED_VARIABLE = YES;
				IPHONEOS_DEPLOYMENT_TARGET = 12.0;
				MTL_ENABLE_DEBUG_INFO = INCLUDE_SOURCE;
				MTL_FAST_MATH = YES;
				ONLY_ACTIVE_ARCH = YES;
				SDKROOT = iphoneos;
				SWIFT_ACTIVE_COMPILATION_CONDITIONS = DEBUG;
				SWIFT_OPTIMIZATION_LEVEL = "-Onone";
			};
			name = Debug;
		};
		AC1AE6982471C00700811388 /* Release */ = {
			isa = XCBuildConfiguration;
			buildSettings = {
				ALWAYS_SEARCH_USER_PATHS = NO;
				CLANG_ANALYZER_NONNULL = YES;
				CLANG_ANALYZER_NUMBER_OBJECT_CONVERSION = YES_AGGRESSIVE;
				CLANG_CXX_LANGUAGE_STANDARD = "gnu++14";
				CLANG_CXX_LIBRARY = "libc++";
				CLANG_ENABLE_MODULES = YES;
				CLANG_ENABLE_OBJC_ARC = YES;
				CLANG_ENABLE_OBJC_WEAK = YES;
				CLANG_WARN_BLOCK_CAPTURE_AUTORELEASING = YES;
				CLANG_WARN_BOOL_CONVERSION = YES;
				CLANG_WARN_COMMA = YES;
				CLANG_WARN_CONSTANT_CONVERSION = YES;
				CLANG_WARN_DEPRECATED_OBJC_IMPLEMENTATIONS = YES;
				CLANG_WARN_DIRECT_OBJC_ISA_USAGE = YES_ERROR;
				CLANG_WARN_DOCUMENTATION_COMMENTS = YES;
				CLANG_WARN_EMPTY_BODY = YES;
				CLANG_WARN_ENUM_CONVERSION = YES;
				CLANG_WARN_INFINITE_RECURSION = YES;
				CLANG_WARN_INT_CONVERSION = YES;
				CLANG_WARN_NON_LITERAL_NULL_CONVERSION = YES;
				CLANG_WARN_OBJC_IMPLICIT_RETAIN_SELF = YES;
				CLANG_WARN_OBJC_LITERAL_CONVERSION = YES;
				CLANG_WARN_OBJC_ROOT_CLASS = YES_ERROR;
				CLANG_WARN_RANGE_LOOP_ANALYSIS = YES;
				CLANG_WARN_STRICT_PROTOTYPES = YES;
				CLANG_WARN_SUSPICIOUS_MOVE = YES;
				CLANG_WARN_UNGUARDED_AVAILABILITY = YES_AGGRESSIVE;
				CLANG_WARN_UNREACHABLE_CODE = YES;
				CLANG_WARN__DUPLICATE_METHOD_MATCH = YES;
				COPY_PHASE_STRIP = NO;
				DEBUG_INFORMATION_FORMAT = "dwarf-with-dsym";
				ENABLE_NS_ASSERTIONS = NO;
				ENABLE_STRICT_OBJC_MSGSEND = YES;
				GCC_C_LANGUAGE_STANDARD = gnu11;
				GCC_NO_COMMON_BLOCKS = YES;
				GCC_WARN_64_TO_32_BIT_CONVERSION = YES;
				GCC_WARN_ABOUT_RETURN_TYPE = YES_ERROR;
				GCC_WARN_UNDECLARED_SELECTOR = YES;
				GCC_WARN_UNINITIALIZED_AUTOS = YES_AGGRESSIVE;
				GCC_WARN_UNUSED_FUNCTION = YES;
				GCC_WARN_UNUSED_VARIABLE = YES;
				IPHONEOS_DEPLOYMENT_TARGET = 12.0;
				MTL_ENABLE_DEBUG_INFO = NO;
				MTL_FAST_MATH = YES;
				SDKROOT = iphoneos;
				SWIFT_COMPILATION_MODE = wholemodule;
				SWIFT_OPTIMIZATION_LEVEL = "-O";
				VALIDATE_PRODUCT = YES;
			};
			name = Release;
		};
		AC1AE69A2471C00700811388 /* Debug */ = {
			isa = XCBuildConfiguration;
			buildSettings = {
				ASSETCATALOG_COMPILER_APPICON_NAME = AppIcon;
				CODE_SIGN_STYLE = Automatic;
				DEVELOPMENT_TEAM = AEYX6Y2PN8;
				INFOPLIST_FILE = TestApp/Info.plist;
				LD_RUNPATH_SEARCH_PATHS = (
					"$(inherited)",
					"@executable_path/Frameworks",
				);
				PRODUCT_BUNDLE_IDENTIFIER = com.ruslanmaley.TestApp;
				PRODUCT_NAME = "$(TARGET_NAME)";
				SWIFT_VERSION = 5.0;
				TARGETED_DEVICE_FAMILY = "1,2";
			};
			name = Debug;
		};
		AC1AE69B2471C00700811388 /* Release */ = {
			isa = XCBuildConfiguration;
			buildSettings = {
				ASSETCATALOG_COMPILER_APPICON_NAME = AppIcon;
				CODE_SIGN_STYLE = Automatic;
				DEVELOPMENT_TEAM = AEYX6Y2PN8;
				INFOPLIST_FILE = TestApp/Info.plist;
				LD_RUNPATH_SEARCH_PATHS = (
					"$(inherited)",
					"@executable_path/Frameworks",
				);
				PRODUCT_BUNDLE_IDENTIFIER = com.ruslanmaley.TestApp;
				PRODUCT_NAME = "$(TARGET_NAME)";
				SWIFT_VERSION = 5.0;
				TARGETED_DEVICE_FAMILY = "1,2";
			};
			name = Release;
		};
/* End XCBuildConfiguration section */

/* Begin XCConfigurationList section */
		AC1AE6802471C00100811388 /* Build configuration list for PBXProject "TestApp" */ = {
			isa = XCConfigurationList;
			buildConfigurations = (
				AC1AE6972471C00700811388 /* Debug */,
				AC1AE6982471C00700811388 /* Release */,
			);
			defaultConfigurationIsVisible = 0;
			defaultConfigurationName = Release;
		};
		AC1AE6992471C00700811388 /* Build configuration list for PBXNativeTarget "TestApp" */ = {
			isa = XCConfigurationList;
			buildConfigurations = (
				AC1AE69A2471C00700811388 /* Debug */,
				AC1AE69B2471C00700811388 /* Release */,
			);
			defaultConfigurationIsVisible = 0;
			defaultConfigurationName = Release;
		};
/* End XCConfigurationList section */

/* Begin XCVersionGroup section */
		AC1AE6E92471FAA100811388 /* TestApp.xcdatamodeld */ = {
			isa = XCVersionGroup;
			children = (
				AC1AE6EA2471FAA100811388 /* Model.xcdatamodel */,
			);
			currentVersion = AC1AE6EA2471FAA100811388 /* Model.xcdatamodel */;
			path = TestApp.xcdatamodeld;
			sourceTree = "<group>";
			versionGroupType = wrapper.xcdatamodel;
		};
/* End XCVersionGroup section */
	};
	rootObject = AC1AE67D2471C00100811388 /* Project object */;
}
